
Microsoft Visual Studio Solution File, Format Version 12.00
# Visual Studio Version 17
VisualStudioVersion = 17.8.34330.188
MinimumVisualStudioVersion = 10.0.40219.1
Project("{9A19103F-16F7-4668-BE54-9A1E7A4F7556}") = "Engine", "Engine\Engine.csproj", "{E0D8ADF7-B480-41B4-B7E4-E400B79357FC}"
EndProject
Project("{9A19103F-16F7-4668-BE54-9A1E7A4F7556}") = "Editor", "Editor\Editor.csproj", "{6C66E355-1597-46D3-A3E5-ACA5E1D2C978}"
EndProject
Project("{8BC9CEB8-8B4A-11D0-8D11-00A0C91BC942}") = "ConsoleWindows", "ConsoleWindows\ConsoleWindows.vcxproj", "{CC03F25A-CB08-472E-A1E6-2A3152EBA58A}"
EndProject
Project("{FAE04EC0-301F-11D3-BF4B-00C04F79EFBC}") = "EngineTests", "EngineTests\EngineTests.csproj", "{B5EF9D72-2567-4ED4-B7F5-EC8304BDF3F2}"
EndProject
Global
	GlobalSection(SolutionConfigurationPlatforms) = preSolution
		Debug|Any CPU = Debug|Any CPU
		Debug|x64 = Debug|x64
		Debug|x86 = Debug|x86
		Release|Any CPU = Release|Any CPU
		Release|x64 = Release|x64
		Release|x86 = Release|x86
	EndGlobalSection
	GlobalSection(ProjectConfigurationPlatforms) = postSolution
		{E0D8ADF7-B480-41B4-B7E4-E400B79357FC}.Debug|Any CPU.ActiveCfg = Debug|Any CPU
		{E0D8ADF7-B480-41B4-B7E4-E400B79357FC}.Debug|Any CPU.Build.0 = Debug|Any CPU
		{E0D8ADF7-B480-41B4-B7E4-E400B79357FC}.Debug|x64.ActiveCfg = Debug|Any CPU
		{E0D8ADF7-B480-41B4-B7E4-E400B79357FC}.Debug|x64.Build.0 = Debug|Any CPU
		{E0D8ADF7-B480-41B4-B7E4-E400B79357FC}.Debug|x86.ActiveCfg = Debug|Any CPU
		{E0D8ADF7-B480-41B4-B7E4-E400B79357FC}.Debug|x86.Build.0 = Debug|Any CPU
		{E0D8ADF7-B480-41B4-B7E4-E400B79357FC}.Release|Any CPU.ActiveCfg = Release|Any CPU
		{E0D8ADF7-B480-41B4-B7E4-E400B79357FC}.Release|Any CPU.Build.0 = Release|Any CPU
		{E0D8ADF7-B480-41B4-B7E4-E400B79357FC}.Release|x64.ActiveCfg = Release|Any CPU
		{E0D8ADF7-B480-41B4-B7E4-E400B79357FC}.Release|x64.Build.0 = Release|Any CPU
		{E0D8ADF7-B480-41B4-B7E4-E400B79357FC}.Release|x86.ActiveCfg = Release|Any CPU
		{E0D8ADF7-B480-41B4-B7E4-E400B79357FC}.Release|x86.Build.0 = Release|Any CPU
		{6C66E355-1597-46D3-A3E5-ACA5E1D2C978}.Debug|Any CPU.ActiveCfg = Debug|Any CPU
		{6C66E355-1597-46D3-A3E5-ACA5E1D2C978}.Debug|Any CPU.Build.0 = Debug|Any CPU
		{6C66E355-1597-46D3-A3E5-ACA5E1D2C978}.Debug|x64.ActiveCfg = Debug|Any CPU
		{6C66E355-1597-46D3-A3E5-ACA5E1D2C978}.Debug|x64.Build.0 = Debug|Any CPU
		{6C66E355-1597-46D3-A3E5-ACA5E1D2C978}.Debug|x86.ActiveCfg = Debug|Any CPU
		{6C66E355-1597-46D3-A3E5-ACA5E1D2C978}.Debug|x86.Build.0 = Debug|Any CPU
		{6C66E355-1597-46D3-A3E5-ACA5E1D2C978}.Release|Any CPU.ActiveCfg = Release|Any CPU
		{6C66E355-1597-46D3-A3E5-ACA5E1D2C978}.Release|Any CPU.Build.0 = Release|Any CPU
		{6C66E355-1597-46D3-A3E5-ACA5E1D2C978}.Release|x64.ActiveCfg = Release|Any CPU
		{6C66E355-1597-46D3-A3E5-ACA5E1D2C978}.Release|x64.Build.0 = Release|Any CPU
		{6C66E355-1597-46D3-A3E5-ACA5E1D2C978}.Release|x86.ActiveCfg = Release|Any CPU
		{6C66E355-1597-46D3-A3E5-ACA5E1D2C978}.Release|x86.Build.0 = Release|Any CPU
		{CC03F25A-CB08-472E-A1E6-2A3152EBA58A}.Debug|Any CPU.ActiveCfg = Debug|x64
		{CC03F25A-CB08-472E-A1E6-2A3152EBA58A}.Debug|Any CPU.Build.0 = Debug|x64
		{CC03F25A-CB08-472E-A1E6-2A3152EBA58A}.Debug|x64.ActiveCfg = Debug|x64
		{CC03F25A-CB08-472E-A1E6-2A3152EBA58A}.Debug|x64.Build.0 = Debug|x64
		{CC03F25A-CB08-472E-A1E6-2A3152EBA58A}.Debug|x86.ActiveCfg = Debug|Win32
		{CC03F25A-CB08-472E-A1E6-2A3152EBA58A}.Debug|x86.Build.0 = Debug|Win32
		{CC03F25A-CB08-472E-A1E6-2A3152EBA58A}.Release|Any CPU.ActiveCfg = Release|x64
		{CC03F25A-CB08-472E-A1E6-2A3152EBA58A}.Release|Any CPU.Build.0 = Release|x64
		{CC03F25A-CB08-472E-A1E6-2A3152EBA58A}.Release|x64.ActiveCfg = Release|x64
		{CC03F25A-CB08-472E-A1E6-2A3152EBA58A}.Release|x64.Build.0 = Release|x64
		{CC03F25A-CB08-472E-A1E6-2A3152EBA58A}.Release|x86.ActiveCfg = Release|Win32
		{CC03F25A-CB08-472E-A1E6-2A3152EBA58A}.Release|x86.Build.0 = Release|Win32
		{B5EF9D72-2567-4ED4-B7F5-EC8304BDF3F2}.Debug|Any CPU.ActiveCfg = Debug|Any CPU
		{B5EF9D72-2567-4ED4-B7F5-EC8304BDF3F2}.Debug|Any CPU.Build.0 = Debug|Any CPU
		{B5EF9D72-2567-4ED4-B7F5-EC8304BDF3F2}.Debug|x64.ActiveCfg = Debug|Any CPU
		{B5EF9D72-2567-4ED4-B7F5-EC8304BDF3F2}.Debug|x64.Build.0 = Debug|Any CPU
		{B5EF9D72-2567-4ED4-B7F5-EC8304BDF3F2}.Debug|x86.ActiveCfg = Debug|Any CPU
		{B5EF9D72-2567-4ED4-B7F5-EC8304BDF3F2}.Debug|x86.Build.0 = Debug|Any CPU
		{B5EF9D72-2567-4ED4-B7F5-EC8304BDF3F2}.Release|Any CPU.ActiveCfg = Release|Any CPU
		{B5EF9D72-2567-4ED4-B7F5-EC8304BDF3F2}.Release|Any CPU.Build.0 = Release|Any CPU
		{B5EF9D72-2567-4ED4-B7F5-EC8304BDF3F2}.Release|x64.ActiveCfg = Release|Any CPU
		{B5EF9D72-2567-4ED4-B7F5-EC8304BDF3F2}.Release|x64.Build.0 = Release|Any CPU
		{B5EF9D72-2567-4ED4-B7F5-EC8304BDF3F2}.Release|x86.ActiveCfg = Release|Any CPU
		{B5EF9D72-2567-4ED4-B7F5-EC8304BDF3F2}.Release|x86.Build.0 = Release|Any CPU
	EndGlobalSection
	GlobalSection(SolutionProperties) = preSolution
		HideSolutionNode = FALSE
	EndGlobalSection
	GlobalSection(ExtensibilityGlobals) = postSolution
		SolutionGuid = {36F22C9F-CFE8-4567-9974-DEFF3F2B56D3}
	EndGlobalSection
EndGlobal
